{
  "name": "ci-css-utility-website",
  "version": "1.0.0",
  "lockfileVersion": 1,
  "requires": true,
  "dependencies": {
    "@material/animation": {
      "version": "3.1.0",
      "resolved": "https://registry.npmjs.org/@material/animation/-/animation-3.1.0.tgz",
      "integrity": "sha512-ZfP95awrPBLhpaCTPNx+xKYPp2D88fzf5p5YNVp6diUAGRpq3g12Aq7qJfIHDXAFo5CtrYhgOKRqIKxUVcFisQ==",
      "requires": {
        "tslib": "^1.9.3"
      }
    },
    "@material/elevation": {
      "version": "3.1.0",
      "resolved": "https://registry.npmjs.org/@material/elevation/-/elevation-3.1.0.tgz",
      "integrity": "sha512-e45LqiG6LfbR1M52YkSLA7pQPeYJOuOVzLp27xy2072TnLuJexMxhEaG4O1novEIjsTtMjqfrfJ/koODU5vEew==",
      "requires": {
        "@material/animation": "^3.1.0",
        "@material/feature-targeting": "^3.1.0",
        "@material/theme": "^3.1.0"
      }
    },
    "@material/feature-targeting": {
      "version": "3.1.0",
      "resolved": "https://registry.npmjs.org/@material/feature-targeting/-/feature-targeting-3.1.0.tgz",
      "integrity": "sha512-aXAa1Pv6w32URacE9LfMsl9zI6hFwx1K0Lp3Xpyf4rAkmaAB6z0gOkhicOrVFc0f64YheJgHjE7hJFieVenQdw=="
    },
    "@material/theme": {
      "version": "3.1.0",
      "resolved": "https://registry.npmjs.org/@material/theme/-/theme-3.1.0.tgz",
      "integrity": "sha512-N4JX+akOwg1faAvFvIEhDcwW4cZfUpwEn8lct6Vs3WczjLF6/KdIoLVaYh+eVl1bzfsoIuWvx56j0B1PjXZw9g==",
      "requires": {
        "@material/feature-targeting": "^3.1.0"
      }
    },
    "backbone": {
      "version": "1.4.0",
      "resolved": "https://registry.npmjs.org/backbone/-/backbone-1.4.0.tgz",
      "integrity": "sha512-RLmDrRXkVdouTg38jcgHhyQ/2zjg7a8E6sz2zxfz21Hh17xDJYUHBZimVIt5fUyS8vbfpeSmTL3gUjTEvUV3qQ==",
      "requires": {
        "underscore": ">=1.8.3"
      }
    },
    "flexboxgrid": {
      "version": "6.3.1",
      "resolved": "https://registry.npmjs.org/flexboxgrid/-/flexboxgrid-6.3.1.tgz",
      "integrity": "sha1-6ZiYr8B7cEdyK7galYpfuk1OIP0="
    },
    "jquery": {
      "version": "3.4.1",
      "resolved": "https://registry.npmjs.org/jquery/-/jquery-3.4.1.tgz",
      "integrity": "sha512-36+AdBzCL+y6qjw5Tx7HgzeGCzC81MDDgaUP8ld2zhx58HdqXGoBd+tHdrBMiyjGQs0Hxs/MLZTu/eHNJJuWPw=="
    },
    "spectre.css": {
      "version": "0.5.8",
      "resolved": "https://registry.npmjs.org/spectre.css/-/spectre.css-0.5.8.tgz",
      "integrity": "sha512-3N4WocWY+Dl6b3e5v3nsZYyp+VSDcBfGDzyyHw/H78ie9BoAhHkxmrhLxo9y8RadxYzVrPjfPdlev3hXEUzR2w=="
    },
    "tslib": {
      "version": "1.10.0",
      "resolved": "https://registry.npmjs.org/tslib/-/tslib-1.10.0.tgz",
      "integrity": "sha512-qOebF53frne81cf0S9B41ByenJ3/IuH8yJKngAX35CmiZySA0khhkovshKK+jGCaMnVomla7gVlIcc3EvKPbTQ=="
    },
    "underscore": {
      "version": "1.9.1",
      "resolved": "https://registry.npmjs.org/underscore/-/underscore-1.9.1.tgz",
      "integrity": "sha512-5/4etnCkd9c8gwgowi5/om/mYO5ajCaOgdzj/oW+0eQV9WxKBDZw5+ycmKmeaTXjInS/W0BzpGLo2xR2aBwZdg=="
    },
    "voca": {
      "version": "1.4.0",
      "resolved": "https://registry.npmjs.org/voca/-/voca-1.4.0.tgz",
      "integrity": "sha512-8Xz4H3vhYRGbFupLtl6dHwMx0ojUcjt0HYkqZ9oBCfipd/5mD7Md58m2/dq7uPuZU/0T3Gb1m66KS9jn+I+14Q=="
    }
  }
}
